<?xml version="1.0" encoding="UTF-8"?>
<CONFIG>
  <ProjectOptions>
    <Version Value="11"/>
    <General>
      <SessionStorage Value="InProjectDir"/>
      <MainUnit Value="0"/>
      <AutoCreateForms Value="False"/>
      <Title Value="Analysis"/>
      <ResourceType Value="res"/>
      <UseXPManifest Value="True"/>
      <Icon Value="0"/>
    </General>
    <VersionInfo>
      <UseVersionInfo Value="True"/>
      <MajorVersionNr Value="3"/>
      <MinorVersionNr Value="3"/>
      <Attributes pvaPreRelease="True"/>
    </VersionInfo>
    <BuildModes Count="7">
      <Item1 Name="Default" Default="True"/>
      <Item2 Name="Win32">
        <MacroValues Count="1">
          <Macro2 Name="LCLWidgetType" Value="win32"/>
        </MacroValues>
        <CompilerOptions>
          <Version Value="11"/>
          <Target>
            <Filename Value="epidataanalysis"/>
          </Target>
          <SearchPaths>
            <IncludeFiles Value="$(ProjOutDir);src/grammar"/>
            <OtherUnitFiles Value="src;src/functions;src/statistics;src/utils;src/auxunits;src/output;src/executor;src/statements;src/statusbar;src/help;src/editor;src/parser;src/commandtree;src/sidewindows;src/dialogs;src/dialogs/stat_dialogs;src/dialogs/stat_dialogs/means;src/controls;src/dialogs/stat_dialogs/freq;src/dialogs/stat_dialogs/tables;src/dialogs/stat_dialogs/ctable;src/dialogs/stat_dialogs/describe;src/graph/commands;src/graph;src/graph/commands/scatter;src/graph/graphform;src/graph/chartcommand;src/graph/charttitles;src/graph/chartconfiguration;src/graph/chartaxesconfiguration;src/dialogs/stat_dialogs/scatter;src/graph/commands/survival;src/dialogs/stat_dialogs/survival;src/dialogs/graph"/>
            <UnitOutputDirectory Value="target/units/$(TargetCPU)-$(TargetOS)"/>
          </SearchPaths>
          <CodeGeneration>
            <TargetCPU Value="i386"/>
            <TargetOS Value="win32"/>
            <Optimizations>
              <OptimizationLevel Value="0"/>
            </Optimizations>
          </CodeGeneration>
          <Linking>
            <Debugging>
              <DebugInfoType Value="dsDwarf2Set"/>
            </Debugging>
            <Options>
              <Win32>
                <GraphicApplication Value="True"/>
              </Win32>
            </Options>
          </Linking>
        </CompilerOptions>
      </Item2>
      <Item3 Name="Win64">
        <MacroValues Count="1">
          <Macro3 Name="LCLWidgetType" Value="win32"/>
        </MacroValues>
        <CompilerOptions>
          <Version Value="11"/>
          <Target>
            <Filename Value="epidataanalysis"/>
          </Target>
          <SearchPaths>
            <IncludeFiles Value="$(ProjOutDir);src/grammar"/>
            <OtherUnitFiles Value="src;src/functions;src/statistics;src/utils;src/auxunits;src/output;src/executor;src/statements;src/statusbar;src/help;src/editor;src/parser;src/commandtree;src/sidewindows;src/dialogs;src/dialogs/stat_dialogs;src/dialogs/stat_dialogs/means;src/controls;src/dialogs/stat_dialogs/freq;src/dialogs/stat_dialogs/tables;src/dialogs/stat_dialogs/ctable;src/dialogs/stat_dialogs/describe;src/graph/commands;src/graph;src/graph/commands/scatter;src/graph/graphform;src/graph/chartcommand;src/graph/charttitles;src/graph/chartconfiguration;src/graph/chartaxesconfiguration;src/dialogs/stat_dialogs/scatter;src/graph/commands/survival;src/dialogs/stat_dialogs/survival;src/dialogs/graph"/>
            <UnitOutputDirectory Value="target/units/$(TargetCPU)-$(TargetOS)"/>
          </SearchPaths>
          <CodeGeneration>
            <TargetCPU Value="x86_64"/>
            <TargetOS Value="win64"/>
            <Optimizations>
              <OptimizationLevel Value="0"/>
            </Optimizations>
          </CodeGeneration>
          <Linking>
            <Debugging>
              <DebugInfoType Value="dsDwarf2Set"/>
            </Debugging>
            <Options>
              <Win32>
                <GraphicApplication Value="True"/>
              </Win32>
            </Options>
          </Linking>
          <Other>
            <CustomOptions Value="-dEPI_BETA"/>
          </Other>
        </CompilerOptions>
      </Item3>
      <Item4 Name="Linux32">
        <MacroValues Count="1">
          <Macro5 Name="LCLWidgetType" Value="gtk2"/>
        </MacroValues>
        <CompilerOptions>
          <Version Value="11"/>
          <Target>
            <Filename Value="epidataanalysis"/>
          </Target>
          <SearchPaths>
            <IncludeFiles Value="$(ProjOutDir);src/grammar"/>
            <OtherUnitFiles Value="src;src/functions;src/statistics;src/utils;src/auxunits;src/output;src/executor;src/statements;src/statusbar;src/help;src/editor;src/parser;src/commandtree;src/sidewindows;src/dialogs;src/dialogs/stat_dialogs;src/dialogs/stat_dialogs/means;src/controls;src/dialogs/stat_dialogs/freq;src/dialogs/stat_dialogs/tables;src/dialogs/stat_dialogs/ctable;src/dialogs/stat_dialogs/describe;src/graph/commands;src/graph;src/graph/commands/scatter;src/graph/graphform;src/graph/chartcommand;src/graph/charttitles;src/graph/chartconfiguration;src/graph/chartaxesconfiguration;src/dialogs/stat_dialogs/scatter;src/graph/commands/survival;src/dialogs/stat_dialogs/survival;src/dialogs/graph"/>
            <UnitOutputDirectory Value="target/units/$(TargetCPU)-$(TargetOS)"/>
          </SearchPaths>
          <CodeGeneration>
            <TargetCPU Value="i386"/>
            <TargetOS Value="linux"/>
            <Optimizations>
              <OptimizationLevel Value="0"/>
            </Optimizations>
          </CodeGeneration>
          <Linking>
            <Debugging>
              <DebugInfoType Value="dsDwarf2Set"/>
            </Debugging>
          </Linking>
        </CompilerOptions>
      </Item4>
      <Item5 Name="Linux64">
        <MacroValues Count="1">
          <Macro5 Name="LCLWidgetType" Value="gtk2"/>
        </MacroValues>
        <CompilerOptions>
          <Version Value="11"/>
          <Target>
            <Filename Value="epidataanalysis"/>
          </Target>
          <SearchPaths>
            <IncludeFiles Value="$(ProjOutDir);src/grammar"/>
            <OtherUnitFiles Value="src;src/functions;src/statistics;src/utils;src/auxunits;src/output;src/executor;src/statements;src/statusbar;src/help;src/editor;src/parser;src/commandtree;src/sidewindows;src/dialogs;src/dialogs/stat_dialogs;src/dialogs/stat_dialogs/means;src/controls;src/dialogs/stat_dialogs/freq;src/dialogs/stat_dialogs/tables;src/dialogs/stat_dialogs/ctable;src/dialogs/stat_dialogs/describe;src/graph/commands;src/graph;src/graph/commands/scatter;src/graph/graphform;src/graph/chartcommand;src/graph/charttitles;src/graph/chartconfiguration;src/graph/chartaxesconfiguration;src/dialogs/stat_dialogs/scatter;src/graph/commands/survival;src/dialogs/stat_dialogs/survival;src/dialogs/graph"/>
            <UnitOutputDirectory Value="target/units/$(TargetCPU)-$(TargetOS)"/>
          </SearchPaths>
          <CodeGeneration>
            <TargetCPU Value="x86_64"/>
            <TargetOS Value="linux"/>
            <Optimizations>
              <OptimizationLevel Value="0"/>
            </Optimizations>
          </CodeGeneration>
          <Linking>
            <Debugging>
              <DebugInfoType Value="dsDwarf2Set"/>
            </Debugging>
          </Linking>
        </CompilerOptions>
      </Item5>
      <Item6 Name="Darwin32">
        <MacroValues Count="1">
          <Macro1 Name="LCLWidgetType" Value="carbon"/>
        </MacroValues>
        <CompilerOptions>
          <Version Value="11"/>
          <Target>
            <Filename Value="epidataanalysis"/>
          </Target>
          <SearchPaths>
            <IncludeFiles Value="$(ProjOutDir);src/grammar"/>
            <OtherUnitFiles Value="src;src/functions;src/statistics;src/utils;src/auxunits;src/output;src/executor;src/statements;src/statusbar;src/help;src/editor;src/parser;src/commandtree;src/sidewindows;src/dialogs;src/dialogs/stat_dialogs;src/dialogs/stat_dialogs/means;src/controls;src/dialogs/stat_dialogs/freq;src/dialogs/stat_dialogs/tables;src/dialogs/stat_dialogs/ctable;src/dialogs/stat_dialogs/describe;src/graph/commands;src/graph;src/graph/commands/scatter;src/graph/graphform;src/graph/chartcommand;src/graph/charttitles;src/graph/chartconfiguration;src/graph/chartaxesconfiguration;src/dialogs/stat_dialogs/scatter;src/graph/commands/survival;src/dialogs/stat_dialogs/survival;src/dialogs/graph"/>
            <UnitOutputDirectory Value="target/units/$(TargetCPU)-$(TargetOS)"/>
          </SearchPaths>
          <CodeGeneration>
            <TargetCPU Value="i386"/>
            <TargetOS Value="darwin"/>
            <Optimizations>
              <OptimizationLevel Value="0"/>
            </Optimizations>
          </CodeGeneration>
          <Linking>
            <Debugging>
              <DebugInfoType Value="dsDwarf2Set"/>
            </Debugging>
          </Linking>
        </CompilerOptions>
      </Item6>
      <Item7 Name="Darwin64">
        <MacroValues Count="1">
          <Macro4 Name="LCLWidgetType" Value="cocoa"/>
        </MacroValues>
        <CompilerOptions>
          <Version Value="11"/>
          <Target>
            <Filename Value="epidataanalysis"/>
          </Target>
          <SearchPaths>
            <IncludeFiles Value="$(ProjOutDir);src/grammar"/>
            <OtherUnitFiles Value="src;src/functions;src/statistics;src/utils;src/auxunits;src/output;src/executor;src/statements;src/statusbar;src/help;src/editor;src/parser;src/commandtree;src/sidewindows;src/dialogs;src/dialogs/stat_dialogs;src/dialogs/stat_dialogs/means;src/controls;src/dialogs/stat_dialogs/freq;src/dialogs/stat_dialogs/tables;src/dialogs/stat_dialogs/ctable;src/dialogs/stat_dialogs/describe;src/graph/commands;src/graph;src/graph/commands/scatter;src/graph/graphform;src/graph/chartcommand;src/graph/charttitles;src/graph/chartconfiguration;src/graph/chartaxesconfiguration;src/dialogs/stat_dialogs/scatter;src/graph/commands/survival;src/dialogs/stat_dialogs/survival;src/dialogs/graph"/>
            <UnitOutputDirectory Value="target/units/$(TargetCPU)-$(TargetOS)"/>
          </SearchPaths>
          <CodeGeneration>
            <TargetCPU Value="x86_64"/>
            <TargetOS Value="darwin"/>
            <Optimizations>
              <OptimizationLevel Value="0"/>
            </Optimizations>
          </CodeGeneration>
          <Linking>
            <Debugging>
              <DebugInfoType Value="dsDwarf2Set"/>
            </Debugging>
          </Linking>
        </CompilerOptions>
      </Item7>
      <SharedMatrixOptions Count="5">
        <Item1 ID="324748042522" Modes="Darwin32" Type="IDEMacro" MacroName="LCLWidgetType" Value="carbon"/>
        <Item2 ID="123055442727" Modes="Win32" Type="IDEMacro" MacroName="LCLWidgetType" Value="win32"/>
        <Item3 ID="329491697955" Modes="Win64" Type="IDEMacro" MacroName="LCLWidgetType" Value="win32"/>
        <Item4 ID="081215147691" Modes="Darwin64" Type="IDEMacro" MacroName="LCLWidgetType" Value="cocoa"/>
        <Item5 ID="279386422299" Modes="Linux32,Linux64" Type="IDEMacro" MacroName="LCLWidgetType" Value="gtk2"/>
      </SharedMatrixOptions>
    </BuildModes>
    <PublishOptions>
      <Version Value="2"/>
    </PublishOptions>
    <RunParams>
      <environment>
        <UserOverrides Count="1">
          <Variable0 Name="LD_LIBRARY_PATH" Value="/home/torsten/EpiData/Analysis/trunk/CEF/"/>
        </UserOverrides>
      </environment>
      <FormatVersion Value="2"/>
      <Modes Count="3">
        <Mode0 Name="default">
          <environment>
            <UserOverrides Count="1">
              <Variable0 Name="LD_LIBRARY_PATH" Value="/home/torsten/EpiData/Analysis/trunk/CEF/"/>
            </UserOverrides>
          </environment>
        </Mode0>
        <Mode1 Name="Lang = Dansk (da_DK)">
          <environment>
            <UserOverrides Count="2">
              <Variable0 Name="LD_LIBRARY_PATH" Value="/home/torsten/EpiData/Analysis/trunk/CEF/"/>
              <Variable1 Name="LANG" Value="da_DK.utf8"/>
            </UserOverrides>
          </environment>
        </Mode1>
        <Mode2 Name="Windows">
          <local>
            <LaunchingApplication Use="True" PathPlusParams="/usr/bin/wine $(TargetCmdLine)"/>
          </local>
          <environment>
            <UserOverrides Count="1">
              <Variable0 Name="LD_LIBRARY_PATH" Value="/home/torsten/EpiData/Analysis/trunk/CEF/"/>
            </UserOverrides>
          </environment>
        </Mode2>
      </Modes>
    </RunParams>
    <RequiredPackages Count="14">
      <Item1>
        <PackageName Value="TAChartLazarusPkg"/>
      </Item1>
      <Item2>
        <PackageName Value="luicontrols"/>
      </Item2>
      <Item3>
        <PackageName Value="luicomponents"/>
      </Item3>
      <Item4>
        <PackageName Value="ChsDet"/>
      </Item4>
      <Item5>
        <PackageName Value="lnetbase"/>
      </Item5>
      <Item6>
        <PackageName Value="lclextensions_package"/>
      </Item6>
      <Item7>
        <PackageName Value="dcpcrypt"/>
      </Item7>
      <Item8>
        <PackageName Value="BGRABitmapPack"/>
      </Item8>
      <Item9>
        <PackageName Value="FrameViewer09"/>
      </Item9>
      <Item10>
        <PackageName Value="virtualtreeview_package"/>
      </Item10>
      <Item11>
        <PackageName Value="epidatacore_visuals"/>
        <MinVersion Major="2" Valid="True"/>
      </Item11>
      <Item12>
        <PackageName Value="epidatacore"/>
        <MinVersion Major="2" Valid="True"/>
      </Item12>
      <Item13>
        <PackageName Value="SynEdit"/>
      </Item13>
      <Item14>
        <PackageName Value="LCL"/>
      </Item14>
    </RequiredPackages>
    <Units Count="185">
      <Unit0>
        <Filename Value="epidataanalysis.lpr"/>
        <IsPartOfProject Value="True"/>
      </Unit0>
      <Unit1>
        <Filename Value="src/main.pas"/>
        <IsPartOfProject Value="True"/>
        <ComponentName Value="MainForm"/>
        <HasResources Value="True"/>
        <ResourceBaseClass Value="Form"/>
      </Unit1>
      <Unit2>
        <Filename Value="src/executor.pas"/>
        <IsPartOfProject Value="True"/>
      </Unit2>
      <Unit3>
        <Filename Value="src/expr.pas"/>
        <IsPartOfProject Value="True"/>
      </Unit3>
      <Unit4>
        <Filename Value="src/ast.pas"/>
        <IsPartOfProject Value="True"/>
      </Unit4>
      <Unit5>
        <Filename Value="src/ast_types.pas"/>
        <IsPartOfProject Value="True"/>
      </Unit5>
      <Unit6>
        <Filename Value="src/ast_builder.pas"/>
        <IsPartOfProject Value="True"/>
      </Unit6>
      <Unit7>
        <Filename Value="src/datamodule.pas"/>
        <IsPartOfProject Value="True"/>
        <ComponentName Value="aDM"/>
        <HasResources Value="True"/>
        <ResourceBaseClass Value="DataModule"/>
      </Unit7>
      <Unit8>
        <Filename Value="src/select_stack.pas"/>
        <IsPartOfProject Value="True"/>
      </Unit8>
      <Unit9>
        <Filename Value="src/result_variables.pas"/>
        <IsPartOfProject Value="True"/>
      </Unit9>
      <Unit10>
        <Filename Value="src/runtest.pas"/>
        <IsPartOfProject Value="True"/>
      </Unit10>
      <Unit11>
        <Filename Value="src/parser.pas"/>
        <IsPartOfProject Value="True"/>
      </Unit11>
      <Unit12>
        <Filename Value="src/statistics/means.pas"/>
        <IsPartOfProject Value="True"/>
      </Unit12>
      <Unit13>
        <Filename Value="src/utils/generalutils.pas"/>
        <IsPartOfProject Value="True"/>
      </Unit13>
      <Unit14>
        <Filename Value="src/auxunits/statfunctions.pas"/>
        <IsPartOfProject Value="True"/>
      </Unit14>
      <Unit15>
        <Filename Value="src/statistics/interval_types.pas"/>
        <IsPartOfProject Value="True"/>
      </Unit15>
      <Unit16>
        <Filename Value="src/output/outputcreator.pas"/>
        <IsPartOfProject Value="True"/>
      </Unit16>
      <Unit17>
        <Filename Value="src/output/outputgenerator_base.pas"/>
        <IsPartOfProject Value="True"/>
      </Unit17>
      <Unit18>
        <Filename Value="src/output/outputgenerator_txt.pas"/>
        <IsPartOfProject Value="True"/>
      </Unit18>
      <Unit19>
        <Filename Value="src/output/outputgenerator_html.pas"/>
        <IsPartOfProject Value="True"/>
      </Unit19>
      <Unit20>
        <Filename Value="src/executor/options_hashmap.pas"/>
        <IsPartOfProject Value="True"/>
      </Unit20>
      <Unit21>
        <Filename Value="src/about.pas"/>
        <IsPartOfProject Value="True"/>
        <ComponentName Value="AboutForm"/>
        <HasResources Value="True"/>
        <ResourceBaseClass Value="Form"/>
      </Unit21>
      <Unit22>
        <Filename Value="src/statements/list.pas"/>
        <IsPartOfProject Value="True"/>
      </Unit22>
      <Unit23>
        <Filename Value="src/statements/edit.pas"/>
        <IsPartOfProject Value="True"/>
      </Unit23>
      <Unit24>
        <Filename Value="src/statements/drop.pas"/>
        <IsPartOfProject Value="True"/>
      </Unit24>
      <Unit25>
        <Filename Value="src/auxunits/history.pas"/>
        <IsPartOfProject Value="True"/>
      </Unit25>
      <Unit26>
        <Filename Value="src/cmdedit.pas"/>
        <IsPartOfProject Value="True"/>
      </Unit26>
      <Unit27>
        <Filename Value="src/statusbar/analysis_statusbar.pas"/>
        <IsPartOfProject Value="True"/>
      </Unit27>
      <Unit28>
        <Filename Value="src/statusbar/selected_count_statusbar_item.pas"/>
        <IsPartOfProject Value="True"/>
      </Unit28>
      <Unit29>
        <Filename Value="src/statusbar/workingdir_statusbar_item.pas"/>
        <IsPartOfProject Value="True"/>
      </Unit29>
      <Unit30>
        <Filename Value="src/statements/systemcmd.pas"/>
        <IsPartOfProject Value="True"/>
      </Unit30>
      <Unit31>
        <Filename Value="src/parser_types.pas"/>
        <IsPartOfProject Value="True"/>
      </Unit31>
      <Unit32>
        <Filename Value="src/utils/ana_documentfile.pas"/>
        <IsPartOfProject Value="True"/>
      </Unit32>
      <Unit33>
        <Filename Value="src/functions/epi_script_function_mathfunctions.pas"/>
        <IsPartOfProject Value="True"/>
      </Unit33>
      <Unit34>
        <Filename Value="src/functions/epi_script_function_createdate.pas"/>
        <IsPartOfProject Value="True"/>
      </Unit34>
      <Unit35>
        <Filename Value="src/functions/epi_script_function_createtime.pas"/>
        <IsPartOfProject Value="True"/>
      </Unit35>
      <Unit36>
        <Filename Value="src/functions/epi_script_function_datefunctions.pas"/>
        <IsPartOfProject Value="True"/>
      </Unit36>
      <Unit37>
        <Filename Value="src/functions/epi_script_function_resourcestrings.pas"/>
        <IsPartOfProject Value="True"/>
      </Unit37>
      <Unit38>
        <Filename Value="src/functions/epi_script_function_stringfunctions.pas"/>
        <IsPartOfProject Value="True"/>
      </Unit38>
      <Unit39>
        <Filename Value="src/functions/epi_script_function_timefunctions.pas"/>
        <IsPartOfProject Value="True"/>
      </Unit39>
      <Unit40>
        <Filename Value="src/editor/editor_form.pas"/>
        <IsPartOfProject Value="True"/>
        <ComponentName Value="EditorForm"/>
        <HasResources Value="True"/>
        <ResourceBaseClass Value="Form"/>
      </Unit40>
      <Unit41>
        <Filename Value="src/statistics/freq.pas"/>
        <IsPartOfProject Value="True"/>
      </Unit41>
      <Unit42>
        <Filename Value="src/statusbar/executing_statusbar_item.pas"/>
        <IsPartOfProject Value="True"/>
      </Unit42>
      <Unit43>
        <Filename Value="src/functions/epi_script_function_systemfunctions.pas"/>
        <IsPartOfProject Value="True"/>
      </Unit43>
      <Unit44>
        <Filename Value="src/parser/token.pas"/>
        <IsPartOfProject Value="True"/>
        <UnitName Value="Token"/>
      </Unit44>
      <Unit45>
        <Filename Value="src/parser/goldparser.pas"/>
        <IsPartOfProject Value="True"/>
        <UnitName Value="GOLDParser"/>
      </Unit45>
      <Unit46>
        <Filename Value="src/parser/symbol.pas"/>
        <IsPartOfProject Value="True"/>
        <UnitName Value="Symbol"/>
      </Unit46>
      <Unit47>
        <Filename Value="src/parser/fastate.pas"/>
        <IsPartOfProject Value="True"/>
        <UnitName Value="FAState"/>
      </Unit47>
      <Unit48>
        <Filename Value="src/parser/grammarreader.pas"/>
        <IsPartOfProject Value="True"/>
        <UnitName Value="GrammarReader"/>
      </Unit48>
      <Unit49>
        <Filename Value="src/parser/lraction.pas"/>
        <IsPartOfProject Value="True"/>
        <UnitName Value="LRAction"/>
      </Unit49>
      <Unit50>
        <Filename Value="src/parser/memleakfinder.pas"/>
        <IsPartOfProject Value="True"/>
        <UnitName Value="MemLeakFinder"/>
      </Unit50>
      <Unit51>
        <Filename Value="src/parser/rule.pas"/>
        <IsPartOfProject Value="True"/>
        <UnitName Value="Rule"/>
      </Unit51>
      <Unit52>
        <Filename Value="src/parser/sourcefeeder.pas"/>
        <IsPartOfProject Value="True"/>
        <UnitName Value="SourceFeeder"/>
      </Unit52>
      <Unit53>
        <Filename Value="src/parser/variables.pas"/>
        <IsPartOfProject Value="True"/>
        <UnitName Value="Variables"/>
      </Unit53>
      <Unit54>
        <Filename Value="src/utils/ana_procs.pas"/>
        <IsPartOfProject Value="True"/>
      </Unit54>
      <Unit55>
        <Filename Value="src/statements/merge.pas"/>
        <IsPartOfProject Value="True"/>
      </Unit55>
      <Unit56>
        <Filename Value="src/statements/integrity_tests.pas"/>
        <IsPartOfProject Value="True"/>
      </Unit56>
      <Unit57>
        <Filename Value="src/output/htmlviewer.pas"/>
        <IsPartOfProject Value="True"/>
      </Unit57>
      <Unit58>
        <Filename Value="src/output/textviewer.pas"/>
        <IsPartOfProject Value="True"/>
      </Unit58>
      <Unit59>
        <Filename Value="src/output/outputviewer_types.pas"/>
        <IsPartOfProject Value="True"/>
      </Unit59>
      <Unit60>
        <Filename Value="src/output/oldhtmlviewer.pas"/>
        <IsPartOfProject Value="True"/>
      </Unit60>
      <Unit61>
        <Filename Value="src/output/htmlviewer_osr.pas"/>
        <IsPartOfProject Value="True"/>
      </Unit61>
      <Unit62>
        <Filename Value="src/utils/options_utils.pas"/>
        <IsPartOfProject Value="True"/>
      </Unit62>
      <Unit63>
        <Filename Value="src/utils/ana_globals.pas"/>
        <IsPartOfProject Value="True"/>
      </Unit63>
      <Unit64>
        <Filename Value="src/statements/browse4.pas"/>
        <IsPartOfProject Value="True"/>
        <ComponentName Value="BrowseForm4"/>
        <HasResources Value="True"/>
        <ResourceBaseClass Value="Form"/>
      </Unit64>
      <Unit65>
        <Filename Value="src/statements/report.pas"/>
        <IsPartOfProject Value="True"/>
      </Unit65>
      <Unit66>
        <Filename Value="src/executor/options_fontoptions.pas"/>
        <IsPartOfProject Value="True"/>
      </Unit66>
      <Unit67>
        <Filename Value="src/statements/save_output.pas"/>
        <IsPartOfProject Value="True"/>
      </Unit67>
      <Unit68>
        <Filename Value="src/functions/epi_script_function_observations.pas"/>
        <IsPartOfProject Value="True"/>
      </Unit68>
      <Unit69>
        <Filename Value="src/executor/options_filesoptions.pas"/>
        <IsPartOfProject Value="True"/>
      </Unit69>
      <Unit70>
        <Filename Value="src/statements/aggregate.pas"/>
        <IsPartOfProject Value="True"/>
      </Unit70>
      <Unit71>
        <Filename Value="src/statements/aggregate_types.pas"/>
        <IsPartOfProject Value="True"/>
      </Unit71>
      <Unit72>
        <Filename Value="src/statistics/tables.pas"/>
        <IsPartOfProject Value="True"/>
      </Unit72>
      <Unit73>
        <Filename Value="src/statistics/tables_types.pas"/>
        <IsPartOfProject Value="True"/>
      </Unit73>
      <Unit74>
        <Filename Value="src/executor/options_table.pas"/>
        <IsPartOfProject Value="True"/>
      </Unit74>
      <Unit75>
        <Filename Value="src/statistics/tables_stat_chi2.pas"/>
        <IsPartOfProject Value="True"/>
      </Unit75>
      <Unit76>
        <Filename Value="src/statistics/tables_stat_fexp.pas"/>
        <IsPartOfProject Value="True"/>
      </Unit76>
      <Unit77>
        <Filename Value="src/statistics/tables_stat_or.pas"/>
        <IsPartOfProject Value="True"/>
      </Unit77>
      <Unit78>
        <Filename Value="src/statistics/tables_stat_rr.pas"/>
        <IsPartOfProject Value="True"/>
      </Unit78>
      <Unit79>
        <Filename Value="src/statistics/ctable.pas"/>
        <IsPartOfProject Value="True"/>
      </Unit79>
      <Unit80>
        <Filename Value="src/statistics/describe.pas"/>
        <IsPartOfProject Value="True"/>
      </Unit80>
      <Unit81>
        <Filename Value="src/commandtree/commandtree.pas"/>
        <IsPartOfProject Value="True"/>
      </Unit81>
      <Unit82>
        <Filename Value="src/statements/recode.pas"/>
        <IsPartOfProject Value="True"/>
      </Unit82>
      <Unit83>
        <Filename Value="src/executor/select_datafile.pas"/>
        <IsPartOfProject Value="True"/>
      </Unit83>
      <Unit84>
        <Filename Value="src/sidewindows/history_form.pas"/>
        <IsPartOfProject Value="True"/>
        <ComponentName Value="HistoryForm"/>
        <HasResources Value="True"/>
        <ResourceBaseClass Value="Form"/>
      </Unit84>
      <Unit85>
        <Filename Value="src/sidewindows/varnames_form.pas"/>
        <IsPartOfProject Value="True"/>
        <ComponentName Value="VariablesForm"/>
        <HasResources Value="True"/>
        <ResourceBaseClass Value="Form"/>
      </Unit85>
      <Unit86>
        <Filename Value="src/sidewindows/projecttree_form.pas"/>
        <IsPartOfProject Value="True"/>
        <ComponentName Value="ProjectTreeForm"/>
        <HasResources Value="True"/>
        <ResourceBaseClass Value="Form"/>
      </Unit86>
      <Unit87>
        <Filename Value="src/sidewindows/commandtree_form.pas"/>
        <IsPartOfProject Value="True"/>
        <ComponentName Value="CommandTreeForm"/>
        <HasResources Value="True"/>
        <ResourceBaseClass Value="Form"/>
      </Unit87>
      <Unit88>
        <Filename Value="src/sidewindows/auto_position_form.pas"/>
        <IsPartOfProject Value="True"/>
      </Unit88>
      <Unit89>
        <Filename Value="src/editor/editor_page.pas"/>
        <IsPartOfProject Value="True"/>
      </Unit89>
      <Unit90>
        <Filename Value="src/editor/editor_form2.pas"/>
        <IsPartOfProject Value="True"/>
      </Unit90>
      <Unit91>
        <Filename Value="src/editor/editor_pgm_highlighter.pas"/>
        <IsPartOfProject Value="True"/>
      </Unit91>
      <Unit92>
        <Filename Value="src/functions/scandate_from_fpc.pas"/>
        <IsPartOfProject Value="True"/>
      </Unit92>
      <Unit93>
        <Filename Value="src/executor/options_string_array.pas"/>
        <IsPartOfProject Value="True"/>
      </Unit93>
      <Unit94>
        <Filename Value="src/executor/options_cssfileoption.pas"/>
        <IsPartOfProject Value="True"/>
      </Unit94>
      <Unit95>
        <Filename Value="src/dialogs/stat_dialog_contribution.pas"/>
        <IsPartOfProject Value="True"/>
      </Unit95>
      <Unit96>
        <Filename Value="src/dialogs/stat_dialog.pas"/>
        <IsPartOfProject Value="True"/>
      </Unit96>
      <Unit97>
        <Filename Value="src/dialogs/stat_dialog_action.pas"/>
        <IsPartOfProject Value="True"/>
      </Unit97>
      <Unit98>
        <Filename Value="src/controls/fields_combobox.pas"/>
        <IsPartOfProject Value="True"/>
      </Unit98>
      <Unit99>
        <Filename Value="src/dialogs/stat_dialog_footer.pas"/>
        <IsPartOfProject Value="True"/>
      </Unit99>
      <Unit100>
        <Filename Value="src/script_runner.pas"/>
        <IsPartOfProject Value="True"/>
      </Unit100>
      <Unit101>
        <Filename Value="src/dialogs/stat_dialogs/freq/freq_contribution.pas"/>
        <IsPartOfProject Value="True"/>
      </Unit101>
      <Unit102>
        <Filename Value="src/dialogs/stat_dialogs/freq/freq_variable_view.pas"/>
        <IsPartOfProject Value="True"/>
      </Unit102>
      <Unit103>
        <Filename Value="src/dialogs/stat_dialogs/freq/freq_variable_model.pas"/>
        <IsPartOfProject Value="True"/>
      </Unit103>
      <Unit104>
        <Filename Value="src/dialogs/stat_dialogs/tables/tables_contribution.pas"/>
        <IsPartOfProject Value="True"/>
      </Unit104>
      <Unit105>
        <Filename Value="src/dialogs/stat_dialogs/tables/tables_model.pas"/>
        <IsPartOfProject Value="True"/>
      </Unit105>
      <Unit106>
        <Filename Value="src/dialogs/stat_dialogs/tables/tables_primaryoption_model.pas"/>
        <IsPartOfProject Value="True"/>
      </Unit106>
      <Unit107>
        <Filename Value="src/dialogs/stat_dialogs/tables/tables_primaryoption_view.pas"/>
        <IsPartOfProject Value="True"/>
      </Unit107>
      <Unit108>
        <Filename Value="src/dialogs/stat_dialogs/tables/tables_variables_view.pas"/>
        <IsPartOfProject Value="True"/>
      </Unit108>
      <Unit109>
        <Filename Value="src/dialogs/stat_dialogs/tables/tables_statisticoptions_view.pas"/>
        <IsPartOfProject Value="True"/>
      </Unit109>
      <Unit110>
        <Filename Value="src/dialogs/stat_dialogs/tables/tables_statisticoptions_model.pas"/>
        <IsPartOfProject Value="True"/>
      </Unit110>
      <Unit111>
        <Filename Value="src/dialogs/stat_dialogs/freq/freq_mainoptions_model.pas"/>
        <IsPartOfProject Value="True"/>
      </Unit111>
      <Unit112>
        <Filename Value="src/dialogs/stat_dialogs/freq/freq_mainoptions_view.pas"/>
        <IsPartOfProject Value="True"/>
      </Unit112>
      <Unit113>
        <Filename Value="src/dialogs/stat_dialog_custom_view.pas"/>
        <IsPartOfProject Value="True"/>
      </Unit113>
      <Unit114>
        <Filename Value="src/dialogs/stat_dialogs/ctable/ctable_contribution.pas"/>
        <IsPartOfProject Value="True"/>
      </Unit114>
      <Unit115>
        <Filename Value="src/dialogs/stat_dialogs/ctable/ctable_model.pas"/>
        <IsPartOfProject Value="True"/>
      </Unit115>
      <Unit116>
        <Filename Value="src/dialogs/stat_dialogs/ctable/ctable_primaryoption_model.pas"/>
        <IsPartOfProject Value="True"/>
      </Unit116>
      <Unit117>
        <Filename Value="src/dialogs/stat_dialogs/ctable/ctable_primaryoption_view.pas"/>
        <IsPartOfProject Value="True"/>
      </Unit117>
      <Unit118>
        <Filename Value="src/dialogs/stat_dialogs/ctable/ctable_statisticoptions_model.pas"/>
        <IsPartOfProject Value="True"/>
      </Unit118>
      <Unit119>
        <Filename Value="src/dialogs/stat_dialogs/ctable/ctable_statisticoptions_view.pas"/>
        <IsPartOfProject Value="True"/>
      </Unit119>
      <Unit120>
        <Filename Value="src/dialogs/stat_dialogs/ctable/ctable_variables_view.pas"/>
        <IsPartOfProject Value="True"/>
      </Unit120>
      <Unit121>
        <Filename Value="src/dialogs/stat_dialogs/means/means_contribution.pas"/>
        <IsPartOfProject Value="True"/>
      </Unit121>
      <Unit122>
        <Filename Value="src/dialogs/stat_dialogs/means/means_model.pas"/>
        <IsPartOfProject Value="True"/>
      </Unit122>
      <Unit123>
        <Filename Value="src/dialogs/stat_dialogs/means/means_variables_view.pas"/>
        <IsPartOfProject Value="True"/>
      </Unit123>
      <Unit124>
        <Filename Value="src/dialogs/stat_dialogs/means/means_primaryoption_model.pas"/>
        <IsPartOfProject Value="True"/>
      </Unit124>
      <Unit125>
        <Filename Value="src/dialogs/stat_dialogs/means/means_primaryoption_view.pas"/>
        <IsPartOfProject Value="True"/>
      </Unit125>
      <Unit126>
        <Filename Value="src/dialogs/stat_dialogs/means/means_statisticoptions_model.pas"/>
        <IsPartOfProject Value="True"/>
      </Unit126>
      <Unit127>
        <Filename Value="src/dialogs/stat_dialogs/means/means_statisticoptions_view.pas"/>
        <IsPartOfProject Value="True"/>
      </Unit127>
      <Unit128>
        <Filename Value="src/dialogs/stat_dialogs/describe/describe_contribution.pas"/>
        <IsPartOfProject Value="True"/>
      </Unit128>
      <Unit129>
        <Filename Value="src/dialogs/stat_dialogs/describe/describe_model.pas"/>
        <IsPartOfProject Value="True"/>
      </Unit129>
      <Unit130>
        <Filename Value="src/dialogs/stat_dialogs/describe/describe_primaryoption_model.pas"/>
        <IsPartOfProject Value="True"/>
      </Unit130>
      <Unit131>
        <Filename Value="src/dialogs/stat_dialogs/describe/describe_primaryoption_view.pas"/>
        <IsPartOfProject Value="True"/>
      </Unit131>
      <Unit132>
        <Filename Value="src/dialogs/stat_dialogs/describe/describe_statisticoptions_model.pas"/>
        <IsPartOfProject Value="True"/>
      </Unit132>
      <Unit133>
        <Filename Value="src/dialogs/stat_dialogs/describe/describe_statisticoptions_view.pas"/>
        <IsPartOfProject Value="True"/>
      </Unit133>
      <Unit134>
        <Filename Value="src/dialogs/stat_dialogs/describe/describe_variables_view.pas"/>
        <IsPartOfProject Value="True"/>
      </Unit134>
      <Unit135>
        <Filename Value="src/graph/chartfactory.pas"/>
        <IsPartOfProject Value="True"/>
      </Unit135>
      <Unit136>
        <Filename Value="src/graph/graphformfactory.impl.pas"/>
        <IsPartOfProject Value="True"/>
      </Unit136>
      <Unit137>
        <Filename Value="src/graph/chartfactory.impl.pas"/>
        <IsPartOfProject Value="True"/>
      </Unit137>
      <Unit138>
        <Filename Value="src/graph/chartcommand/chartcommandresult.impl.pas"/>
        <IsPartOfProject Value="True"/>
      </Unit138>
      <Unit139>
        <Filename Value="src/graph/charttitles/charttitles.impl.pas"/>
        <IsPartOfProject Value="True"/>
      </Unit139>
      <Unit140>
        <Filename Value="src/graph/charttitles/charttitles.pas"/>
        <IsPartOfProject Value="True"/>
      </Unit140>
      <Unit141>
        <Filename Value="src/graph/graphformfactory.pas"/>
        <IsPartOfProject Value="True"/>
      </Unit141>
      <Unit142>
        <Filename Value="src/graph/chartcommand/chartcommandresult.pas"/>
        <IsPartOfProject Value="True"/>
      </Unit142>
      <Unit143>
        <Filename Value="src/graph/chartcommand/chartcommand.pas"/>
        <IsPartOfProject Value="True"/>
      </Unit143>
      <Unit144>
        <Filename Value="src/graph/commands/scatter/scattersource.pas"/>
        <IsPartOfProject Value="True"/>
      </Unit144>
      <Unit145>
        <Filename Value="src/graph/graphform/graphpopupmenu.pas"/>
        <IsPartOfProject Value="True"/>
      </Unit145>
      <Unit146>
        <Filename Value="src/graph/graphform/graphform.pas"/>
        <IsPartOfProject Value="True"/>
      </Unit146>
      <Unit147>
        <Filename Value="src/graph/graphform/graphform.impl.pas"/>
        <IsPartOfProject Value="True"/>
      </Unit147>
      <Unit148>
        <Filename Value="src/graph/commands/scatter/scatter.pas"/>
        <IsPartOfProject Value="True"/>
      </Unit148>
      <Unit149>
        <Filename Value="src/graph/savegraphaction.pas"/>
        <IsPartOfProject Value="True"/>
      </Unit149>
      <Unit150>
        <Filename Value="src/graph/graphcommandexecutor.pas"/>
        <IsPartOfProject Value="True"/>
      </Unit150>
      <Unit151>
        <Filename Value="src/graph/graphform/savegraphdialogaction.pas"/>
        <IsPartOfProject Value="True"/>
      </Unit151>
      <Unit152>
        <Filename Value="src/graph/chartconfiguration/chartconfiguration.pas"/>
        <IsPartOfProject Value="True"/>
      </Unit152>
      <Unit153>
        <Filename Value="src/graph/chartconfiguration/chartconfiguration.impl.pas"/>
        <IsPartOfProject Value="True"/>
      </Unit153>
      <Unit154>
        <Filename Value="src/graph/chartaxesconfiguration/chartaxesconfiguration.pas"/>
        <IsPartOfProject Value="True"/>
      </Unit154>
      <Unit155>
        <Filename Value="src/graph/chartaxesconfiguration/chartaxesconfiguration.impl.pas"/>
        <IsPartOfProject Value="True"/>
      </Unit155>
      <Unit156>
        <Filename Value="src/graph/chartcommand/chartpair.pas"/>
        <IsPartOfProject Value="True"/>
      </Unit156>
      <Unit157>
        <Filename Value="src/dialogs/stat_dialogs/scatter/scatter_contribution.pas"/>
        <IsPartOfProject Value="True"/>
      </Unit157>
      <Unit158>
        <Filename Value="src/dialogs/stat_dialogs/scatter/scatter_main_view.pas"/>
        <IsPartOfProject Value="True"/>
      </Unit158>
      <Unit159>
        <Filename Value="src/dialogs/stat_dialogs/scatter/scatter_variables_model.pas"/>
        <IsPartOfProject Value="True"/>
      </Unit159>
      <Unit160>
        <Filename Value="src/dialogs/stat_dialogs/survival/survival_contribution.pas"/>
        <IsPartOfProject Value="True"/>
      </Unit160>
      <Unit161>
        <Filename Value="src/dialogs/stat_dialogs/survival/survival_model.pas"/>
        <IsPartOfProject Value="True"/>
      </Unit161>
      <Unit162>
        <Filename Value="src/dialogs/stat_dialogs/survival/survival_primaryoption_model.pas"/>
        <IsPartOfProject Value="True"/>
      </Unit162>
      <Unit163>
        <Filename Value="src/dialogs/stat_dialogs/survival/survival_primaryoption_view.pas"/>
        <IsPartOfProject Value="True"/>
      </Unit163>
      <Unit164>
        <Filename Value="src/dialogs/stat_dialogs/survival/survival_statisticoptions_model.pas"/>
        <IsPartOfProject Value="True"/>
      </Unit164>
      <Unit165>
        <Filename Value="src/dialogs/stat_dialogs/survival/survival_statisticoptions_view.pas"/>
        <IsPartOfProject Value="True"/>
      </Unit165>
      <Unit166>
        <Filename Value="src/dialogs/stat_dialogs/survival/survival_variables_view.pas"/>
        <IsPartOfProject Value="True"/>
      </Unit166>
      <Unit167>
        <Filename Value="src/graph/commands/survival/survival.pas"/>
        <IsPartOfProject Value="True"/>
      </Unit167>
      <Unit168>
        <Filename Value="src/dialogs/graph/graphoptions_model.pas"/>
        <IsPartOfProject Value="True"/>
      </Unit168>
      <Unit169>
        <Filename Value="src/dialogs/graph/graphoptions_view.pas"/>
        <IsPartOfProject Value="True"/>
      </Unit169>
      <Unit170>
        <Filename Value="src/graph/commands/epicurve/epicurve.pas"/>
        <IsPartOfProject Value="True"/>
      </Unit170>
      <Unit171>
        <Filename Value="src/graph/commands/epicurve/epicurvesource.pas"/>
        <IsPartOfProject Value="True"/>
      </Unit171>
      <Unit172>
        <Filename Value="src/graph/commands/histogram/histogram.pas"/>
        <IsPartOfProject Value="True"/>
      </Unit172>
      <Unit173>
        <Filename Value="src/graph/commands/histogram/histogramsource.pas"/>
        <IsPartOfProject Value="True"/>
      </Unit173>
      <Unit174>
        <Filename Value="src/graph/commands/histogram/histogramdata.pas"/>
        <IsPartOfProject Value="True"/>
      </Unit174>
      <Unit175>
        <Filename Value="src/dialogs/stat_dialogs/histogram/histogram_contribution.pas"/>
        <IsPartOfProject Value="True"/>
      </Unit175>
      <Unit176>
        <Filename Value="src/dialogs/stat_dialogs/histogram/histogram_model.pas"/>
        <IsPartOfProject Value="True"/>
      </Unit176>
      <Unit177>
        <Filename Value="src/dialogs/stat_dialogs/histogram/histogram_primaryoption_model.pas"/>
        <IsPartOfProject Value="True"/>
      </Unit177>
      <Unit178>
        <Filename Value="src/dialogs/stat_dialogs/histogram/histogram_primaryoption_view.pas"/>
        <IsPartOfProject Value="True"/>
      </Unit178>
      <Unit179>
        <Filename Value="src/dialogs/stat_dialogs/histogram/histogram_variables_view.pas"/>
        <IsPartOfProject Value="True"/>
      </Unit179>
      <Unit180>
        <Filename Value="src/dialogs/stat_dialogs/epicurve/epicurve_contribution.pas"/>
        <IsPartOfProject Value="True"/>
      </Unit180>
      <Unit181>
        <Filename Value="src/dialogs/stat_dialogs/epicurve/epicurve_model.pas"/>
        <IsPartOfProject Value="True"/>
      </Unit181>
      <Unit182>
        <Filename Value="src/dialogs/stat_dialogs/epicurve/epicurve_primaryoption_model.pas"/>
        <IsPartOfProject Value="True"/>
      </Unit182>
      <Unit183>
        <Filename Value="src/dialogs/stat_dialogs/epicurve/epicurve_primaryoption_view.pas"/>
        <IsPartOfProject Value="True"/>
      </Unit183>
      <Unit184>
        <Filename Value="src/dialogs/stat_dialogs/epicurve/epicurve_variables_view.pas"/>
        <IsPartOfProject Value="True"/>
      </Unit184>
    </Units>
  </ProjectOptions>
  <CompilerOptions>
    <Version Value="11"/>
    <Target>
      <Filename Value="epidataanalysis"/>
    </Target>
    <SearchPaths>
      <IncludeFiles Value="$(ProjOutDir);src/grammar"/>
      <OtherUnitFiles Value="src;src/functions;src/statistics;src/utils;src/auxunits;src/output;src/executor;src/statements;src/statusbar;src/help;src/editor;src/parser;src/commandtree;src/sidewindows;src/dialogs;src/dialogs/stat_dialogs;src/dialogs/stat_dialogs/means;src/controls;src/dialogs/stat_dialogs/freq;src/dialogs/stat_dialogs/tables;src/dialogs/stat_dialogs/ctable;src/dialogs/stat_dialogs/describe;src/graph/commands;src/graph;src/graph/commands/scatter;src/graph/graphform;src/graph/chartcommand;src/graph/charttitles;src/graph/chartconfiguration;src/graph/chartaxesconfiguration;src/dialogs/stat_dialogs/scatter;src/graph/commands/survival;src/dialogs/stat_dialogs/survival;src/dialogs/graph;src/graph/commands/epicurve;src/graph/commands/histogram;src/dialogs/stat_dialogs/histogram;src/dialogs/stat_dialogs/epicurve"/>
      <UnitOutputDirectory Value="target/units/$(TargetCPU)-$(TargetOS)"/>
    </SearchPaths>
    <Parsing>
      <SyntaxOptions>
        <IncludeAssertionCode Value="True"/>
      </SyntaxOptions>
    </Parsing>
    <CodeGeneration>
      <SmartLinkUnit Value="True"/>
      <RelocatableUnit Value="True"/>
      <Optimizations>
        <OptimizationLevel Value="2"/>
      </Optimizations>
      <SmallerCode Value="True"/>
    </CodeGeneration>
    <Linking>
      <Debugging>
        <DebugInfoType Value="dsDwarf2Set"/>
      </Debugging>
      <LinkSmart Value="True"/>
      <Options>
        <Win32>
          <GraphicApplication Value="True"/>
        </Win32>
      </Options>
    </Linking>
    <Other>
      <CustomOptions Value="-dEPI_CHROMIUM_HTML1
-dEPI_BETA"/>
    </Other>
  </CompilerOptions>
  <Debugging>
    <Exceptions Count="16">
      <Item1>
        <Name Value="EAbort"/>
      </Item1>
      <Item2>
        <Name Value="ECodetoolError"/>
      </Item2>
      <Item3>
        <Name Value="EFOpenError"/>
        <Enabled Value="False"/>
      </Item3>
      <Item4>
        <Name Value="EEpiPasswordCanceled"/>
      </Item4>
      <Item5>
        <Name Value="ESetOption"/>
        <Enabled Value="False"/>
      </Item5>
      <Item6>
        <Name Value="EDuplicate"/>
        <Enabled Value="False"/>
      </Item6>
      <Item7>
        <Name Value="EExecutorZeroDataException"/>
      </Item7>
      <Item8>
        <Name Value="EExecutorIndexException"/>
      </Item8>
      <Item9>
        <Name Value="EKeyNotFoundException"/>
        <Enabled Value="False"/>
      </Item9>
      <Item10>
        <Name Value="Exception"/>
        <Enabled Value="False"/>
      </Item10>
      <Item11>
        <Name Value="EAggrFunc"/>
        <Enabled Value="False"/>
      </Item11>
      <Item12>
        <Name Value="ETwoWaySortException"/>
        <Enabled Value="False"/>
      </Item12>
      <Item13>
        <Name Value="EEpiBadPassword"/>
      </Item13>
      <Item14>
        <Name Value="EConvertError"/>
      </Item14>
      <Item15>
        <Name Value="Unknown"/>
      </Item15>
      <Item16>
        <Name Value="00000015EKeyNotFoundException"/>
      </Item16>
    </Exceptions>
  </Debugging>
</CONFIG>
