<?xml version="1.0" encoding="UTF-8"?>
<CONFIG>
  <ProjectOptions>
    <Version Value="12"/>
    <General>
      <Flags>
        <MainUnitHasCreateFormStatements Value="False"/>
        <MainUnitHasTitleStatement Value="False"/>
        <MainUnitHasScaledStatement Value="False"/>
      </Flags>
      <SessionStorage Value="InProjectDir"/>
      <Title Value="EpiData Analysis Validator"/>
      <UseAppBundle Value="False"/>
      <ResourceType Value="res"/>
    </General>
    <MacroValues Count="1">
      <Macro1 Name="LCLWidgetType" Value="nogui"/>
    </MacroValues>
    <BuildModes>
      <Item Name="Default" Default="True"/>
      <SharedMatrixOptions Count="1">
        <Item1 ID="383697113946" Modes="Default" Type="IDEMacro" MacroName="LCLWidgetType" Value="nogui"/>
      </SharedMatrixOptions>
    </BuildModes>
    <PublishOptions>
      <Version Value="2"/>
      <UseFileFilters Value="True"/>
    </PublishOptions>
    <RunParams>
      <FormatVersion Value="2"/>
    </RunParams>
    <RequiredPackages>
      <Item>
        <PackageName Value="LCL"/>
      </Item>
      <Item>
        <PackageName Value="LCLBase"/>
      </Item>
      <Item>
        <PackageName Value="epidatacore"/>
      </Item>
    </RequiredPackages>
    <Units>
      <Unit>
        <Filename Value="validator.lpr"/>
        <IsPartOfProject Value="True"/>
      </Unit>
      <Unit>
        <Filename Value="src/output/outputgenerator_console.pas"/>
        <IsPartOfProject Value="True"/>
      </Unit>
    </Units>
  </ProjectOptions>
  <CompilerOptions>
    <Version Value="11"/>
    <Target>
      <Filename Value="validator"/>
    </Target>
    <SearchPaths>
      <IncludeFiles Value="$(ProjOutDir);src/grammar"/>
      <OtherUnitFiles Value="src;src/functions;src/statistics;src/utils;src/auxunits;src/output;src/executor;src/statements;src/statusbar;src/editor;src/parser;src/commandtree;src/sidewindows;src/dialogs;src/dialogs/stat_dialogs;src/dialogs/stat_dialogs/means;src/controls;src/dialogs/stat_dialogs/freq;src/dialogs/stat_dialogs/tables;src/dialogs/stat_dialogs/ctable;src/dialogs/stat_dialogs/describe;src/graph/commands;src/graph;src/graph/commands/scatter;src/graph/graphform;src/graph/chartcommand;src/graph/charttitles;src/graph/chartconfiguration;src/graph/chartaxesconfiguration;src/dialogs/stat_dialogs/scatter;src/graph/commands/survival;src/dialogs/stat_dialogs/survival;src/graph/commands/epicurve;src/graph/commands/histogram;src/dialogs/stat_dialogs/histogram;src/dialogs/stat_dialogs/epicurve;src/graph/commands/barchart;src/dialogs/stat_dialogs/barchart;src/graph/options;src/graph/commands/pareto;src/dialogs/stat_dialogs/pareto;src/main;src/datamodule;src/cmdedit;src/about"/>
      <UnitOutputDirectory Value="target/units/$(TargetCPU)-$(TargetOS)"/>
    </SearchPaths>
    <Linking>
      <Debugging>
        <DebugInfoType Value="dsDwarf3"/>
      </Debugging>
    </Linking>
    <Other>
      <CustomOptions Value="-dVALIDATOR"/>
    </Other>
  </CompilerOptions>
  <Debugging>
    <Exceptions>
      <Item>
        <Name Value="EAbort"/>
      </Item>
      <Item>
        <Name Value="ECodetoolError"/>
      </Item>
      <Item>
        <Name Value="EFOpenError"/>
      </Item>
      <Item>
        <Name Value="EExecutorIndexException"/>
      </Item>
      <Item>
        <Name Value="EConvertError"/>
      </Item>
    </Exceptions>
  </Debugging>
</CONFIG>
